
Microsoft Visual Studio Solution File, Format Version 12.00
# Visual Studio Version 17
VisualStudioVersion = 17.1.32407.343
MinimumVisualStudioVersion = 10.0.40219.1
Project("{8BC9CEB8-8B4A-11D0-8D11-00A0C91BC942}") = "word", "word\word.vcxproj", "{585C195C-9839-420F-83D5-C0B37865C992}"
EndProject
Global
	GlobalSection(SolutionConfigurationPlatforms) = preSolution
		Debug|x64 = Debug|x64
		Debug|x86 = Debug|x86
		Release|x64 = Release|x64
		Release|x86 = Release|x86
	EndGlobalSection
	GlobalSection(ProjectConfigurationPlatforms) = postSolution
		{585C195C-9839-420F-83D5-C0B37865C992}.Debug|x64.ActiveCfg = Debug|x64
		{585C195C-9839-420F-83D5-C0B37865C992}.Debug|x64.Build.0 = Debug|x64
		{585C195C-9839-420F-83D5-C0B37865C992}.Debug|x86.ActiveCfg = Debug|Win32
		{585C195C-9839-420F-83D5-C0B37865C992}.Debug|x86.Build.0 = Debug|Win32
		{585C195C-9839-420F-83D5-C0B37865C992}.Release|x64.ActiveCfg = Release|x64
		{585C195C-9839-420F-83D5-C0B37865C992}.Release|x64.Build.0 = Release|x64
		{585C195C-9839-420F-83D5-C0B37865C992}.Release|x86.ActiveCfg = Release|Win32
		{585C195C-9839-420F-83D5-C0B37865C992}.Release|x86.Build.0 = Release|Win32
	EndGlobalSection
	GlobalSection(SolutionProperties) = preSolution
		HideSolutionNode = FALSE
	EndGlobalSection
	GlobalSection(ExtensibilityGlobals) = postSolution
		SolutionGuid = {F6B75F4C-1DF7-4674-9CEB-FEFBE7A05A8D}
	EndGlobalSection
EndGlobal
